
Microsoft Visual Studio Solution File, Format Version 12.00
# Visual Studio Version 17
VisualStudioVersion = 17.1.32421.90
MinimumVisualStudioVersion = 10.0.40219.1
Project("{FAE04EC0-301F-11D3-BF4B-00C04F79EFBC}") = "HomeWork_8_Task_4", "HomeWork_8_Task_4.csproj", "{562AC5CE-9F7E-40BB-88EF-D3EFFB0B5A48}"
EndProject
Global
	GlobalSection(SolutionConfigurationPlatforms) = preSolution
		Debug|Any CPU = Debug|Any CPU
		Release|Any CPU = Release|Any CPU
	EndGlobalSection
	GlobalSection(ProjectConfigurationPlatforms) = postSolution
		{562AC5CE-9F7E-40BB-88EF-D3EFFB0B5A48}.Debug|Any CPU.ActiveCfg = Debug|Any CPU
		{562AC5CE-9F7E-40BB-88EF-D3EFFB0B5A48}.Debug|Any CPU.Build.0 = Debug|Any CPU
		{562AC5CE-9F7E-40BB-88EF-D3EFFB0B5A48}.Release|Any CPU.ActiveCfg = Release|Any CPU
		{562AC5CE-9F7E-40BB-88EF-D3EFFB0B5A48}.Release|Any CPU.Build.0 = Release|Any CPU
	EndGlobalSection
	GlobalSection(SolutionProperties) = preSolution
		HideSolutionNode = FALSE
	EndGlobalSection
	GlobalSection(ExtensibilityGlobals) = postSolution
		SolutionGuid = {A73CB200-8D0E-43E4-A32F-044165924DF9}
	EndGlobalSection
EndGlobal
